// !$*UTF8*$!
{
	archiveVersion = 1;
	classes = {
	};
	objectVersion = 50;
	objects = {

/* Begin PBXBuildFile section */
		DCE32DE52285CC9D00864A48 /* AppDelegate.swift in Sources */ = {isa = PBXBuildFile; fileRef = DCE32DE42285CC9D00864A48 /* AppDelegate.swift */; };
		DCE32DE72285CC9D00864A48 /* ViewController.swift in Sources */ = {isa = PBXBuildFile; fileRef = DCE32DE62285CC9D00864A48 /* ViewController.swift */; };
		DCE32DEA2285CC9D00864A48 /* Main.storyboard in Resources */ = {isa = PBXBuildFile; fileRef = DCE32DE82285CC9D00864A48 /* Main.storyboard */; };
		DCE32DED2285CC9D00864A48 /* AnchorPointAssessment2.xcdatamodeld in Sources */ = {isa = PBXBuildFile; fileRef = DCE32DEB2285CC9D00864A48 /* AnchorPointAssessment2.xcdatamodeld */; };
		DCE32DEF2285CC9F00864A48 /* Assets.xcassets in Resources */ = {isa = PBXBuildFile; fileRef = DCE32DEE2285CC9F00864A48 /* Assets.xcassets */; };
		DCE32DF22285CC9F00864A48 /* LaunchScreen.storyboard in Resources */ = {isa = PBXBuildFile; fileRef = DCE32DF02285CC9F00864A48 /* LaunchScreen.storyboard */; };
		DCE32DFD2285CC9F00864A48 /* AnchorPointAssessment2Tests.swift in Sources */ = {isa = PBXBuildFile; fileRef = DCE32DFC2285CC9F00864A48 /* AnchorPointAssessment2Tests.swift */; };
/* End PBXBuildFile section */

/* Begin PBXContainerItemProxy section */
		DCE32DF92285CC9F00864A48 /* PBXContainerItemProxy */ = {
			isa = PBXContainerItemProxy;
			containerPortal = DCE32DD92285CC9D00864A48 /* Project object */;
			proxyType = 1;
			remoteGlobalIDString = DCE32DE02285CC9D00864A48;
			remoteInfo = AnchorPointAssessment2;
		};
/* End PBXContainerItemProxy section */

/* Begin PBXFileReference section */
		DCE32DE12285CC9D00864A48 /* AnchorPointAssessment2.app */ = {isa = PBXFileReference; explicitFileType = wrapper.application; includeInIndex = 0; path = AnchorPointAssessment2.app; sourceTree = BUILT_PRODUCTS_DIR; };
		DCE32DE42285CC9D00864A48 /* AppDelegate.swift */ = {isa = PBXFileReference; lastKnownFileType = sourcecode.swift; path = AppDelegate.swift; sourceTree = "<group>"; };
		DCE32DE62285CC9D00864A48 /* ViewController.swift */ = {isa = PBXFileReference; lastKnownFileType = sourcecode.swift; path = ViewController.swift; sourceTree = "<group>"; };
		DCE32DE92285CC9D00864A48 /* Base */ = {isa = PBXFileReference; lastKnownFileType = file.storyboard; name = Base; path = Base.lproj/Main.storyboard; sourceTree = "<group>"; };
		DCE32DEC2285CC9D00864A48 /* AnchorPointAssessment2.xcdatamodel */ = {isa = PBXFileReference; lastKnownFileType = wrapper.xcdatamodel; path = AnchorPointAssessment2.xcdatamodel; sourceTree = "<group>"; };
		DCE32DEE2285CC9F00864A48 /* Assets.xcassets */ = {isa = PBXFileReference; lastKnownFileType = folder.assetcatalog; path = Assets.xcassets; sourceTree = "<group>"; };
		DCE32DF12285CC9F00864A48 /* Base */ = {isa = PBXFileReference; lastKnownFileType = file.storyboard; name = Base; path = Base.lproj/LaunchScreen.storyboard; sourceTree = "<group>"; };
		DCE32DF32285CC9F00864A48 /* Info.plist */ = {isa = PBXFileReference; lastKnownFileType = text.plist.xml; path = Info.plist; sourceTree = "<group>"; };
		DCE32DF82285CC9F00864A48 /* AnchorPointAssessment2Tests.xctest */ = {isa = PBXFileReference; explicitFileType = wrapper.cfbundle; includeInIndex = 0; path = AnchorPointAssessment2Tests.xctest; sourceTree = BUILT_PRODUCTS_DIR; };
		DCE32DFC2285CC9F00864A48 /* AnchorPointAssessment2Tests.swift */ = {isa = PBXFileReference; lastKnownFileType = sourcecode.swift; path = AnchorPointAssessment2Tests.swift; sourceTree = "<group>"; };
		DCE32DFE2285CC9F00864A48 /* Info.plist */ = {isa = PBXFileReference; lastKnownFileType = text.plist.xml; path = Info.plist; sourceTree = "<group>"; };
/* End PBXFileReference section */

/* Begin PBXFrameworksBuildPhase section */
		DCE32DDE2285CC9D00864A48 /* Frameworks */ = {
			isa = PBXFrameworksBuildPhase;
			buildActionMask = 2147483647;
			files = (
			);
			runOnlyForDeploymentPostprocessing = 0;
		};
		DCE32DF52285CC9F00864A48 /* Frameworks */ = {
			isa = PBXFrameworksBuildPhase;
			buildActionMask = 2147483647;
			files = (
			);
			runOnlyForDeploymentPostprocessing = 0;
		};
/* End PBXFrameworksBuildPhase section */

/* Begin PBXGroup section */
		DCE32DD82285CC9D00864A48 = {
			isa = PBXGroup;
			children = (
				DCE32DE32285CC9D00864A48 /* AnchorPointAssessment2 */,
				DCE32DFB2285CC9F00864A48 /* AnchorPointAssessment2Tests */,
				DCE32DE22285CC9D00864A48 /* Products */,
			);
			sourceTree = "<group>";
		};
		DCE32DE22285CC9D00864A48 /* Products */ = {
			isa = PBXGroup;
			children = (
				DCE32DE12285CC9D00864A48 /* AnchorPointAssessment2.app */,
				DCE32DF82285CC9F00864A48 /* AnchorPointAssessment2Tests.xctest */,
			);
			name = Products;
			sourceTree = "<group>";
		};
		DCE32DE32285CC9D00864A48 /* AnchorPointAssessment2 */ = {
			isa = PBXGroup;
			children = (
				DCE32DE42285CC9D00864A48 /* AppDelegate.swift */,
				DCE32DE62285CC9D00864A48 /* ViewController.swift */,
				DCE32DE82285CC9D00864A48 /* Main.storyboard */,
				DCE32DEE2285CC9F00864A48 /* Assets.xcassets */,
				DCE32DF02285CC9F00864A48 /* LaunchScreen.storyboard */,
				DCE32DF32285CC9F00864A48 /* Info.plist */,
				DCE32DEB2285CC9D00864A48 /* AnchorPointAssessment2.xcdatamodeld */,
			);
			path = AnchorPointAssessment2;
			sourceTree = "<group>";
		};
		DCE32DFB2285CC9F00864A48 /* AnchorPointAssessment2Tests */ = {
			isa = PBXGroup;
			children = (
				DCE32DFC2285CC9F00864A48 /* AnchorPointAssessment2Tests.swift */,
				DCE32DFE2285CC9F00864A48 /* Info.plist */,
			);
			path = AnchorPointAssessment2Tests;
			sourceTree = "<group>";
		};
/* End PBXGroup section */

/* Begin PBXNativeTarget section */
		DCE32DE02285CC9D00864A48 /* AnchorPointAssessment2 */ = {
			isa = PBXNativeTarget;
			buildConfigurationList = DCE32E012285CC9F00864A48 /* Build configuration list for PBXNativeTarget "AnchorPointAssessment2" */;
			buildPhases = (
				DCE32DDD2285CC9D00864A48 /* Sources */,
				DCE32DDE2285CC9D00864A48 /* Frameworks */,
				DCE32DDF2285CC9D00864A48 /* Resources */,
			);
			buildRules = (
			);
			dependencies = (
			);
			name = AnchorPointAssessment2;
			productName = AnchorPointAssessment2;
			productReference = DCE32DE12285CC9D00864A48 /* AnchorPointAssessment2.app */;
			productType = "com.apple.product-type.application";
		};
		DCE32DF72285CC9F00864A48 /* AnchorPointAssessment2Tests */ = {
			isa = PBXNativeTarget;
			buildConfigurationList = DCE32E042285CC9F00864A48 /* Build configuration list for PBXNativeTarget "AnchorPointAssessment2Tests" */;
			buildPhases = (
				DCE32DF42285CC9F00864A48 /* Sources */,
				DCE32DF52285CC9F00864A48 /* Frameworks */,
				DCE32DF62285CC9F00864A48 /* Resources */,
			);
			buildRules = (
			);
			dependencies = (
				DCE32DFA2285CC9F00864A48 /* PBXTargetDependency */,
			);
			name = AnchorPointAssessment2Tests;
			productName = AnchorPointAssessment2Tests;
			productReference = DCE32DF82285CC9F00864A48 /* AnchorPointAssessment2Tests.xctest */;
			productType = "com.apple.product-type.bundle.unit-test";
		};
/* End PBXNativeTarget section */

/* Begin PBXProject section */
		DCE32DD92285CC9D00864A48 /* Project object */ = {
			isa = PBXProject;
			attributes = {
				LastSwiftUpdateCheck = 1020;
				LastUpgradeCheck = 1020;
				ORGANIZATIONNAME = DevMountain;
				TargetAttributes = {
					DCE32DE02285CC9D00864A48 = {
						CreatedOnToolsVersion = 10.2.1;
					};
					DCE32DF72285CC9F00864A48 = {
						CreatedOnToolsVersion = 10.2.1;
						TestTargetID = DCE32DE02285CC9D00864A48;
					};
				};
			};
			buildConfigurationList = DCE32DDC2285CC9D00864A48 /* Build configuration list for PBXProject "AnchorPointAssessment2" */;
			compatibilityVersion = "Xcode 9.3";
			developmentRegion = en;
			hasScannedForEncodings = 0;
			knownRegions = (
				en,
				Base,
			);
			mainGroup = DCE32DD82285CC9D00864A48;
			productRefGroup = DCE32DE22285CC9D00864A48 /* Products */;
			projectDirPath = "";
			projectRoot = "";
			targets = (
				DCE32DE02285CC9D00864A48 /* AnchorPointAssessment2 */,
				DCE32DF72285CC9F00864A48 /* AnchorPointAssessment2Tests */,
			);
		};
/* End PBXProject section */

/* Begin PBXResourcesBuildPhase section */
		DCE32DDF2285CC9D00864A48 /* Resources */ = {
			isa = PBXResourcesBuildPhase;
			buildActionMask = 2147483647;
			files = (
				DCE32DF22285CC9F00864A48 /* LaunchScreen.storyboard in Resources */,
				DCE32DEF2285CC9F00864A48 /* Assets.xcassets in Resources */,
				DCE32DEA2285CC9D00864A48 /* Main.storyboard in Resources */,
			);
			runOnlyForDeploymentPostprocessing = 0;
		};
		DCE32DF62285CC9F00864A48 /* Resources */ = {
			isa = PBXResourcesBuildPhase;
			buildActionMask = 2147483647;
			files = (
			);
			runOnlyForDeploymentPostprocessing = 0;
		};
/* End PBXResourcesBuildPhase section */

/* Begin PBXSourcesBuildPhase section */
		DCE32DDD2285CC9D00864A48 /* Sources */ = {
			isa = PBXSourcesBuildPhase;
			buildActionMask = 2147483647;
			files = (
				DCE32DE72285CC9D00864A48 /* ViewController.swift in Sources */,
				DCE32DE52285CC9D00864A48 /* AppDelegate.swift in Sources */,
				DCE32DED2285CC9D00864A48 /* AnchorPointAssessment2.xcdatamodeld in Sources */,
			);
			runOnlyForDeploymentPostprocessing = 0;
		};
		DCE32DF42285CC9F00864A48 /* Sources */ = {
			isa = PBXSourcesBuildPhase;
			buildActionMask = 2147483647;
			files = (
				DCE32DFD2285CC9F00864A48 /* AnchorPointAssessment2Tests.swift in Sources */,
			);
			runOnlyForDeploymentPostprocessing = 0;
		};
/* End PBXSourcesBuildPhase section */

/* Begin PBXTargetDependency section */
		DCE32DFA2285CC9F00864A48 /* PBXTargetDependency */ = {
			isa = PBXTargetDependency;
			target = DCE32DE02285CC9D00864A48 /* AnchorPointAssessment2 */;
			targetProxy = DCE32DF92285CC9F00864A48 /* PBXContainerItemProxy */;
		};
/* End PBXTargetDependency section */

/* Begin PBXVariantGroup section */
		DCE32DE82285CC9D00864A48 /* Main.storyboard */ = {
			isa = PBXVariantGroup;
			children = (
				DCE32DE92285CC9D00864A48 /* Base */,
			);
			name = Main.storyboard;
			sourceTree = "<group>";
		};
		DCE32DF02285CC9F00864A48 /* LaunchScreen.storyboard */ = {
			isa = PBXVariantGroup;
			children = (
				DCE32DF12285CC9F00864A48 /* Base */,
			);
			name = LaunchScreen.storyboard;
			sourceTree = "<group>";
		};
/* End PBXVariantGroup section */

/* Begin XCBuildConfiguration section */
		DCE32DFF2285CC9F00864A48 /* Debug */ = {
			isa = XCBuildConfiguration;
			buildSettings = {
				ALWAYS_SEARCH_USER_PATHS = NO;
				CLANG_ANALYZER_NONNULL = YES;
				CLANG_ANALYZER_NUMBER_OBJECT_CONVERSION = YES_AGGRESSIVE;
				CLANG_CXX_LANGUAGE_STANDARD = "gnu++14";
				CLANG_CXX_LIBRARY = "libc++";
				CLANG_ENABLE_MODULES = YES;
				CLANG_ENABLE_OBJC_ARC = YES;
				CLANG_ENABLE_OBJC_WEAK = YES;
				CLANG_WARN_BLOCK_CAPTURE_AUTORELEASING = YES;
				CLANG_WARN_BOOL_CONVERSION = YES;
				CLANG_WARN_COMMA = YES;
				CLANG_WARN_CONSTANT_CONVERSION = YES;
				CLANG_WARN_DEPRECATED_OBJC_IMPLEMENTATIONS = YES;
				CLANG_WARN_DIRECT_OBJC_ISA_USAGE = YES_ERROR;
				CLANG_WARN_DOCUMENTATION_COMMENTS = YES;
				CLANG_WARN_EMPTY_BODY = YES;
				CLANG_WARN_ENUM_CONVERSION = YES;
				CLANG_WARN_INFINITE_RECURSION = YES;
				CLANG_WARN_INT_CONVERSION = YES;
				CLANG_WARN_NON_LITERAL_NULL_CONVERSION = YES;
				CLANG_WARN_OBJC_IMPLICIT_RETAIN_SELF = YES;
				CLANG_WARN_OBJC_LITERAL_CONVERSION = YES;
				CLANG_WARN_OBJC_ROOT_CLASS = YES_ERROR;
				CLANG_WARN_RANGE_LOOP_ANALYSIS = YES;
				CLANG_WARN_STRICT_PROTOTYPES = YES;
				CLANG_WARN_SUSPICIOUS_MOVE = YES;
				CLANG_WARN_UNGUARDED_AVAILABILITY = YES_AGGRESSIVE;
				CLANG_WARN_UNREACHABLE_CODE = YES;
				CLANG_WARN__DUPLICATE_METHOD_MATCH = YES;
				CODE_SIGN_IDENTITY = "iPhone Developer";
				COPY_PHASE_STRIP = NO;
				DEBUG_INFORMATION_FORMAT = dwarf;
				ENABLE_STRICT_OBJC_MSGSEND = YES;
				ENABLE_TESTABILITY = YES;
				GCC_C_LANGUAGE_STANDARD = gnu11;
				GCC_DYNAMIC_NO_PIC = NO;
				GCC_NO_COMMON_BLOCKS = YES;
				GCC_OPTIMIZATION_LEVEL = 0;
				GCC_PREPROCESSOR_DEFINITIONS = (
					"DEBUG=1",
					"$(inherited)",
				);
				GCC_WARN_64_TO_32_BIT_CONVERSION = YES;
				GCC_WARN_ABOUT_RETURN_TYPE = YES_ERROR;
				GCC_WARN_UNDECLARED_SELECTOR = YES;
				GCC_WARN_UNINITIALIZED_AUTOS = YES_AGGRESSIVE;
				GCC_WARN_UNUSED_FUNCTION = YES;
				GCC_WARN_UNUSED_VARIABLE = YES;
				IPHONEOS_DEPLOYMENT_TARGET = 12.2;
				MTL_ENABLE_DEBUG_INFO = INCLUDE_SOURCE;
				MTL_FAST_MATH = YES;
				ONLY_ACTIVE_ARCH = YES;
				SDKROOT = iphoneos;
				SWIFT_ACTIVE_COMPILATION_CONDITIONS = DEBUG;
				SWIFT_OPTIMIZATION_LEVEL = "-Onone";
			};
			name = Debug;
		};
		DCE32E002285CC9F00864A48 /* Release */ = {
			isa = XCBuildConfiguration;
			buildSettings = {
				ALWAYS_SEARCH_USER_PATHS = NO;
				CLANG_ANALYZER_NONNULL = YES;
				CLANG_ANALYZER_NUMBER_OBJECT_CONVERSION = YES_AGGRESSIVE;
				CLANG_CXX_LANGUAGE_STANDARD = "gnu++14";
				CLANG_CXX_LIBRARY = "libc++";
				CLANG_ENABLE_MODULES = YES;
				CLANG_ENABLE_OBJC_ARC = YES;
				CLANG_ENABLE_OBJC_WEAK = YES;
				CLANG_WARN_BLOCK_CAPTURE_AUTORELEASING = YES;
				CLANG_WARN_BOOL_CONVERSION = YES;
				CLANG_WARN_COMMA = YES;
				CLANG_WARN_CONSTANT_CONVERSION = YES;
				CLANG_WARN_DEPRECATED_OBJC_IMPLEMENTATIONS = YES;
				CLANG_WARN_DIRECT_OBJC_ISA_USAGE = YES_ERROR;
				CLANG_WARN_DOCUMENTATION_COMMENTS = YES;
				CLANG_WARN_EMPTY_BODY = YES;
				CLANG_WARN_ENUM_CONVERSION = YES;
				CLANG_WARN_INFINITE_RECURSION = YES;
				CLANG_WARN_INT_CONVERSION = YES;
				CLANG_WARN_NON_LITERAL_NULL_CONVERSION = YES;
				CLANG_WARN_OBJC_IMPLICIT_RETAIN_SELF = YES;
				CLANG_WARN_OBJC_LITERAL_CONVERSION = YES;
				CLANG_WARN_OBJC_ROOT_CLASS = YES_ERROR;
				CLANG_WARN_RANGE_LOOP_ANALYSIS = YES;
				CLANG_WARN_STRICT_PROTOTYPES = YES;
				CLANG_WARN_SUSPICIOUS_MOVE = YES;
				CLANG_WARN_UNGUARDED_AVAILABILITY = YES_AGGRESSIVE;
				CLANG_WARN_UNREACHABLE_CODE = YES;
				CLANG_WARN__DUPLICATE_METHOD_MATCH = YES;
				CODE_SIGN_IDENTITY = "iPhone Developer";
				COPY_PHASE_STRIP = NO;
				DEBUG_INFORMATION_FORMAT = "dwarf-with-dsym";
				ENABLE_NS_ASSERTIONS = NO;
				ENABLE_STRICT_OBJC_MSGSEND = YES;
				GCC_C_LANGUAGE_STANDARD = gnu11;
				GCC_NO_COMMON_BLOCKS = YES;
				GCC_WARN_64_TO_32_BIT_CONVERSION = YES;
				GCC_WARN_ABOUT_RETURN_TYPE = YES_ERROR;
				GCC_WARN_UNDECLARED_SELECTOR = YES;
				GCC_WARN_UNINITIALIZED_AUTOS = YES_AGGRESSIVE;
				GCC_WARN_UNUSED_FUNCTION = YES;
				GCC_WARN_UNUSED_VARIABLE = YES;
				IPHONEOS_DEPLOYMENT_TARGET = 12.2;
				MTL_ENABLE_DEBUG_INFO = NO;
				MTL_FAST_MATH = YES;
				SDKROOT = iphoneos;
				SWIFT_COMPILATION_MODE = wholemodule;
				SWIFT_OPTIMIZATION_LEVEL = "-O";
				VALIDATE_PRODUCT = YES;
			};
			name = Release;
		};
		DCE32E022285CC9F00864A48 /* Debug */ = {
			isa = XCBuildConfiguration;
			buildSettings = {
				ASSETCATALOG_COMPILER_APPICON_NAME = AppIcon;
				CODE_SIGN_STYLE = Automatic;
				DEVELOPMENT_TEAM = DT6NQCY8FM;
				INFOPLIST_FILE = AnchorPointAssessment2/Info.plist;
				LD_RUNPATH_SEARCH_PATHS = (
					"$(inherited)",
					"@executable_path/Frameworks",
				);
				PRODUCT_BUNDLE_IDENTIFIER = KadenDevMountain.AnchorPointAssessment2;
				PRODUCT_NAME = "$(TARGET_NAME)";
				SWIFT_VERSION = 5.0;
				TARGETED_DEVICE_FAMILY = "1,2";
			};
			name = Debug;
		};
		DCE32E032285CC9F00864A48 /* Release */ = {
			isa = XCBuildConfiguration;
			buildSettings = {
				ASSETCATALOG_COMPILER_APPICON_NAME = AppIcon;
				CODE_SIGN_STYLE = Automatic;
				DEVELOPMENT_TEAM = DT6NQCY8FM;
				INFOPLIST_FILE = AnchorPointAssessment2/Info.plist;
				LD_RUNPATH_SEARCH_PATHS = (
					"$(inherited)",
					"@executable_path/Frameworks",
				);
				PRODUCT_BUNDLE_IDENTIFIER = KadenDevMountain.AnchorPointAssessment2;
				PRODUCT_NAME = "$(TARGET_NAME)";
				SWIFT_VERSION = 5.0;
				TARGETED_DEVICE_FAMILY = "1,2";
			};
			name = Release;
		};
		DCE32E052285CC9F00864A48 /* Debug */ = {
			isa = XCBuildConfiguration;
			buildSettings = {
				ALWAYS_EMBED_SWIFT_STANDARD_LIBRARIES = YES;
				BUNDLE_LOADER = "$(TEST_HOST)";
				CODE_SIGN_STYLE = Automatic;
				DEVELOPMENT_TEAM = DT6NQCY8FM;
				INFOPLIST_FILE = AnchorPointAssessment2Tests/Info.plist;
				LD_RUNPATH_SEARCH_PATHS = (
					"$(inherited)",
					"@executable_path/Frameworks",
					"@loader_path/Frameworks",
				);
				PRODUCT_BUNDLE_IDENTIFIER = KadenDevMountain.AnchorPointAssessment2Tests;
				PRODUCT_NAME = "$(TARGET_NAME)";
				SWIFT_VERSION = 5.0;
				TARGETED_DEVICE_FAMILY = "1,2";
				TEST_HOST = "$(BUILT_PRODUCTS_DIR)/AnchorPointAssessment2.app/AnchorPointAssessment2";
			};
			name = Debug;
		};
		DCE32E062285CC9F00864A48 /* Release */ = {
			isa = XCBuildConfiguration;
			buildSettings = {
				ALWAYS_EMBED_SWIFT_STANDARD_LIBRARIES = YES;
				BUNDLE_LOADER = "$(TEST_HOST)";
				CODE_SIGN_STYLE = Automatic;
				DEVELOPMENT_TEAM = DT6NQCY8FM;
				INFOPLIST_FILE = AnchorPointAssessment2Tests/Info.plist;
				LD_RUNPATH_SEARCH_PATHS = (
					"$(inherited)",
					"@executable_path/Frameworks",
					"@loader_path/Frameworks",
				);
				PRODUCT_BUNDLE_IDENTIFIER = KadenDevMountain.AnchorPointAssessment2Tests;
				PRODUCT_NAME = "$(TARGET_NAME)";
				SWIFT_VERSION = 5.0;
				TARGETED_DEVICE_FAMILY = "1,2";
				TEST_HOST = "$(BUILT_PRODUCTS_DIR)/AnchorPointAssessment2.app/AnchorPointAssessment2";
			};
			name = Release;
		};
/* End XCBuildConfiguration section */

/* Begin XCConfigurationList section */
		DCE32DDC2285CC9D00864A48 /* Build configuration list for PBXProject "AnchorPointAssessment2" */ = {
			isa = XCConfigurationList;
			buildConfigurations = (
				DCE32DFF2285CC9F00864A48 /* Debug */,
				DCE32E002285CC9F00864A48 /* Release */,
			);
			defaultConfigurationIsVisible = 0;
			defaultConfigurationName = Release;
		};
		DCE32E012285CC9F00864A48 /* Build configuration list for PBXNativeTarget "AnchorPointAssessment2" */ = {
			isa = XCConfigurationList;
			buildConfigurations = (
				DCE32E022285CC9F00864A48 /* Debug */,
				DCE32E032285CC9F00864A48 /* Release */,
			);
			defaultConfigurationIsVisible = 0;
			defaultConfigurationName = Release;
		};
		DCE32E042285CC9F00864A48 /* Build configuration list for PBXNativeTarget "AnchorPointAssessment2Tests" */ = {
			isa = XCConfigurationList;
			buildConfigurations = (
				DCE32E052285CC9F00864A48 /* Debug */,
				DCE32E062285CC9F00864A48 /* Release */,
			);
			defaultConfigurationIsVisible = 0;
			defaultConfigurationName = Release;
		};
/* End XCConfigurationList section */

/* Begin XCVersionGroup section */
		DCE32DEB2285CC9D00864A48 /* AnchorPointAssessment2.xcdatamodeld */ = {
			isa = XCVersionGroup;
			children = (
				DCE32DEC2285CC9D00864A48 /* AnchorPointAssessment2.xcdatamodel */,
			);
			currentVersion = DCE32DEC2285CC9D00864A48 /* AnchorPointAssessment2.xcdatamodel */;
			path = AnchorPointAssessment2.xcdatamodeld;
			sourceTree = "<group>";
			versionGroupType = wrapper.xcdatamodel;
		};
/* End XCVersionGroup section */
	};
	rootObject = DCE32DD92285CC9D00864A48 /* Project object */;
}
